PODS:
  - onnxruntime-c (1.14.0)
  - SpeakerEmbeddingForiOS (0.1.3):
    - onnxruntime-c

DEPENDENCIES:
  - SpeakerEmbeddingForiOS (from `../`)

SPEC REPOS:
  trunk:
    - onnxruntime-c

EXTERNAL SOURCES:
  SpeakerEmbeddingForiOS:
    :path: "../"

SPEC CHECKSUMS:
  onnxruntime-c: 1f5923e555122d12239a1173229d6c5e8a0afd3e
  SpeakerEmbeddingForiOS: 10e02dac1b49cdcb44b929fb6a00305c77dd7815

PODFILE CHECKSUM: 50820966faa81e412c9ee508f65ee239f30f7828

COCOAPODS: 1.11.3
